
Microsoft Visual Studio Solution File, Format Version 12.00
# Visual Studio Version 17
VisualStudioVersion = 17.0.31606.5
MinimumVisualStudioVersion = 10.0.40219.1
Project("{9A19103F-16F7-4668-BE54-9A1E7A4F7556}") = "DbContextScope", "DbContextScope\DbContextScope.csproj", "{B92E2199-7510-437C-9323-CA9BE5AED5EB}"
EndProject
Project("{9A19103F-16F7-4668-BE54-9A1E7A4F7556}") = "DbContextScope.Tests", "DbContextScope.Tests\DbContextScope.Tests.csproj", "{DB82934C-1865-4AC3-86DD-97283B57E910}"
EndProject
Project("{2150E333-8FDC-42A3-9474-1A3956D46DE8}") = "Solution items", "Solution items", "{992386FA-C20A-4CB2-B017-6351206426AE}"
	ProjectSection(SolutionItems) = preProject
		.editorconfig = .editorconfig
		.gitattributes = .gitattributes
		.gitignore = .gitignore
		Directory.Build.props = Directory.Build.props
		.config\dotnet-tools.json = .config\dotnet-tools.json
		global.json = global.json
		README.md = README.md
		stylecop.json = stylecop.json
	EndProjectSection
EndProject
Project("{2150E333-8FDC-42A3-9474-1A3956D46DE8}") = ".github", ".github", "{941C7E09-C8B7-4C3A-8924-CAD4A216905B}"
	ProjectSection(SolutionItems) = preProject
		.github\dependabot.yml = .github\dependabot.yml
	EndProjectSection
EndProject
Project("{2150E333-8FDC-42A3-9474-1A3956D46DE8}") = "workflows", "workflows", "{1C927E85-66C0-458F-9DDA-367E8B4AF8C4}"
	ProjectSection(SolutionItems) = preProject
		.github\workflows\codeql-analysis.yml = .github\workflows\codeql-analysis.yml
		.github\workflows\dotnet.yml = .github\workflows\dotnet.yml
	EndProjectSection
EndProject
Global
	GlobalSection(SolutionConfigurationPlatforms) = preSolution
		Debug|Any CPU = Debug|Any CPU
		Release|Any CPU = Release|Any CPU
	EndGlobalSection
	GlobalSection(ProjectConfigurationPlatforms) = postSolution
		{B92E2199-7510-437C-9323-CA9BE5AED5EB}.Debug|Any CPU.ActiveCfg = Debug|Any CPU
		{B92E2199-7510-437C-9323-CA9BE5AED5EB}.Debug|Any CPU.Build.0 = Debug|Any CPU
		{B92E2199-7510-437C-9323-CA9BE5AED5EB}.Release|Any CPU.ActiveCfg = Release|Any CPU
		{B92E2199-7510-437C-9323-CA9BE5AED5EB}.Release|Any CPU.Build.0 = Release|Any CPU
		{DB82934C-1865-4AC3-86DD-97283B57E910}.Debug|Any CPU.ActiveCfg = Debug|Any CPU
		{DB82934C-1865-4AC3-86DD-97283B57E910}.Debug|Any CPU.Build.0 = Debug|Any CPU
		{DB82934C-1865-4AC3-86DD-97283B57E910}.Release|Any CPU.ActiveCfg = Release|Any CPU
		{DB82934C-1865-4AC3-86DD-97283B57E910}.Release|Any CPU.Build.0 = Release|Any CPU
	EndGlobalSection
	GlobalSection(SolutionProperties) = preSolution
		HideSolutionNode = FALSE
	EndGlobalSection
	GlobalSection(NestedProjects) = preSolution
		{941C7E09-C8B7-4C3A-8924-CAD4A216905B} = {992386FA-C20A-4CB2-B017-6351206426AE}
		{1C927E85-66C0-458F-9DDA-367E8B4AF8C4} = {941C7E09-C8B7-4C3A-8924-CAD4A216905B}
	EndGlobalSection
	GlobalSection(ExtensibilityGlobals) = postSolution
		SolutionGuid = {1C61F29E-ADC6-4377-8AC2-E34D1E7791C4}
	EndGlobalSection
EndGlobal
